
Microsoft Visual Studio Solution File, Format Version 12.00
Project("{FAE04EC0-301F-11D3-BF4B-00C04F79EFBC}") = "InheritanceChallenge", "InheritanceChallenge\InheritanceChallenge.csproj", "{3FC112AA-3CE7-4CAB-BD0A-899E6811EA68}"
EndProject
Global
	GlobalSection(SolutionConfigurationPlatforms) = preSolution
		Debug|Any CPU = Debug|Any CPU
		Release|Any CPU = Release|Any CPU
	EndGlobalSection
	GlobalSection(ProjectConfigurationPlatforms) = postSolution
		{3FC112AA-3CE7-4CAB-BD0A-899E6811EA68}.Debug|Any CPU.ActiveCfg = Debug|Any CPU
		{3FC112AA-3CE7-4CAB-BD0A-899E6811EA68}.Debug|Any CPU.Build.0 = Debug|Any CPU
		{3FC112AA-3CE7-4CAB-BD0A-899E6811EA68}.Release|Any CPU.ActiveCfg = Release|Any CPU
		{3FC112AA-3CE7-4CAB-BD0A-899E6811EA68}.Release|Any CPU.Build.0 = Release|Any CPU
	EndGlobalSection
EndGlobal
