
Microsoft Visual Studio Solution File, Format Version 12.00
Project("{FAE04EC0-301F-11D3-BF4B-00C04F79EFBC}") = "IEnumerableDemo", "IEnumerableDemo\IEnumerableDemo.csproj", "{2071812E-311C-4629-8D33-C2F522360002}"
EndProject
Global
	GlobalSection(SolutionConfigurationPlatforms) = preSolution
		Debug|Any CPU = Debug|Any CPU
		Release|Any CPU = Release|Any CPU
	EndGlobalSection
	GlobalSection(ProjectConfigurationPlatforms) = postSolution
		{2071812E-311C-4629-8D33-C2F522360002}.Debug|Any CPU.ActiveCfg = Debug|Any CPU
		{2071812E-311C-4629-8D33-C2F522360002}.Debug|Any CPU.Build.0 = Debug|Any CPU
		{2071812E-311C-4629-8D33-C2F522360002}.Release|Any CPU.ActiveCfg = Release|Any CPU
		{2071812E-311C-4629-8D33-C2F522360002}.Release|Any CPU.Build.0 = Release|Any CPU
	EndGlobalSection
EndGlobal
